// !$*UTF8*$!
{
	archiveVersion = 1;
	classes = {
	};
	objectVersion = 46;
	objects = {

/* Begin PBXBuildFile section */
		3B63A0D81B5B838A0024D3D6 /* BZNewFeatureController.m in Sources */ = {isa = PBXBuildFile; fileRef = 3B63A0D71B5B838A0024D3D6 /* BZNewFeatureController.m */; };
		3B63A0DB1B5BF4440024D3D6 /* BZSearchBar.m in Sources */ = {isa = PBXBuildFile; fileRef = 3B63A0DA1B5BF4440024D3D6 /* BZSearchBar.m */; };
		3B63A0DE1B5BFF370024D3D6 /* BZTabBar.m in Sources */ = {isa = PBXBuildFile; fileRef = 3B63A0DD1B5BFF370024D3D6 /* BZTabBar.m */; };
		3B63A0E11B5C0ABE0024D3D6 /* BZDropDownMenu.m in Sources */ = {isa = PBXBuildFile; fileRef = 3B63A0E01B5C0ABE0024D3D6 /* BZDropDownMenu.m */; };
		3B63A0E61B5C22E90024D3D6 /* BZOAuthController.m in Sources */ = {isa = PBXBuildFile; fileRef = 3B63A0E51B5C22E90024D3D6 /* BZOAuthController.m */; };
		3B63A0FD1B5C2C2D0024D3D6 /* AFHTTPRequestOperation.m in Sources */ = {isa = PBXBuildFile; fileRef = 3B63A0EB1B5C2C2D0024D3D6 /* AFHTTPRequestOperation.m */; };
		3B63A0FE1B5C2C2D0024D3D6 /* AFHTTPRequestOperationManager.m in Sources */ = {isa = PBXBuildFile; fileRef = 3B63A0ED1B5C2C2D0024D3D6 /* AFHTTPRequestOperationManager.m */; };
		3B63A0FF1B5C2C2D0024D3D6 /* AFHTTPSessionManager.m in Sources */ = {isa = PBXBuildFile; fileRef = 3B63A0EF1B5C2C2D0024D3D6 /* AFHTTPSessionManager.m */; };
		3B63A1001B5C2C2D0024D3D6 /* AFNetworkReachabilityManager.m in Sources */ = {isa = PBXBuildFile; fileRef = 3B63A0F21B5C2C2D0024D3D6 /* AFNetworkReachabilityManager.m */; };
		3B63A1011B5C2C2D0024D3D6 /* AFSecurityPolicy.m in Sources */ = {isa = PBXBuildFile; fileRef = 3B63A0F41B5C2C2D0024D3D6 /* AFSecurityPolicy.m */; };
		3B63A1021B5C2C2D0024D3D6 /* AFURLConnectionOperation.m in Sources */ = {isa = PBXBuildFile; fileRef = 3B63A0F61B5C2C2D0024D3D6 /* AFURLConnectionOperation.m */; };
		3B63A1031B5C2C2D0024D3D6 /* AFURLRequestSerialization.m in Sources */ = {isa = PBXBuildFile; fileRef = 3B63A0F81B5C2C2D0024D3D6 /* AFURLRequestSerialization.m */; };
		3B63A1041B5C2C2D0024D3D6 /* AFURLResponseSerialization.m in Sources */ = {isa = PBXBuildFile; fileRef = 3B63A0FA1B5C2C2D0024D3D6 /* AFURLResponseSerialization.m */; };
		3B63A1051B5C2C2D0024D3D6 /* AFURLSessionManager.m in Sources */ = {isa = PBXBuildFile; fileRef = 3B63A0FC1B5C2C2D0024D3D6 /* AFURLSessionManager.m */; };
		3BA700461B5A72C700FE4172 /* Images.xcassets in Resources */ = {isa = PBXBuildFile; fileRef = 3BA700451B5A72C700FE4172 /* Images.xcassets */; };
		3BA700491B5A72C700FE4172 /* LaunchScreen.xib in Resources */ = {isa = PBXBuildFile; fileRef = 3BA700471B5A72C700FE4172 /* LaunchScreen.xib */; };
		3BA700551B5A72C700FE4172 /* __Tests.m in Sources */ = {isa = PBXBuildFile; fileRef = 3BA700541B5A72C700FE4172 /* __Tests.m */; };
		3BA700751B5A7F9D00FE4172 /* BZTestController.m in Sources */ = {isa = PBXBuildFile; fileRef = 3BA700741B5A7F9D00FE4172 /* BZTestController.m */; };
		3BA700A71B5A8C8E00FE4172 /* BZDiscoverController.m in Sources */ = {isa = PBXBuildFile; fileRef = 3BA7007E1B5A8C8E00FE4172 /* BZDiscoverController.m */; };
		3BA700A81B5A8C8E00FE4172 /* BZHomeController.m in Sources */ = {isa = PBXBuildFile; fileRef = 3BA700851B5A8C8E00FE4172 /* BZHomeController.m */; };
		3BA700A91B5A8C8E00FE4172 /* UIView+Extention.m in Sources */ = {isa = PBXBuildFile; fileRef = 3BA7008C1B5A8C8E00FE4172 /* UIView+Extention.m */; };
		3BA700AA1B5A8C8E00FE4172 /* BZNavigationController.m in Sources */ = {isa = PBXBuildFile; fileRef = 3BA7008F1B5A8C8E00FE4172 /* BZNavigationController.m */; };
		3BA700AB1B5A8C8E00FE4172 /* BZTabBarcontroller.m in Sources */ = {isa = PBXBuildFile; fileRef = 3BA700911B5A8C8E00FE4172 /* BZTabBarcontroller.m */; };
		3BA700AC1B5A8C8E00FE4172 /* AppDelegate.m in Sources */ = {isa = PBXBuildFile; fileRef = 3BA700961B5A8C8E00FE4172 /* AppDelegate.m */; };
		3BA700AD1B5A8C8E00FE4172 /* main.m in Sources */ = {isa = PBXBuildFile; fileRef = 3BA700971B5A8C8E00FE4172 /* main.m */; };
		3BA700AE1B5A8C8E00FE4172 /* BZMessageCenterController.m in Sources */ = {isa = PBXBuildFile; fileRef = 3BA7009C1B5A8C8E00FE4172 /* BZMessageCenterController.m */; };
		3BA700AF1B5A8C8E00FE4172 /* BZProfileController.m in Sources */ = {isa = PBXBuildFile; fileRef = 3BA700A31B5A8C8E00FE4172 /* BZProfileController.m */; };
		3BA700B31B5A967500FE4172 /* UIBarButtonItem+Extention.m in Sources */ = {isa = PBXBuildFile; fileRef = 3BA700B21B5A967500FE4172 /* UIBarButtonItem+Extention.m */; };
		3BDCB0B61B5CDEDC001067F0 /* Foundation+Log.m in Sources */ = {isa = PBXBuildFile; fileRef = 3BDCB0B51B5CDEDC001067F0 /* Foundation+Log.m */; };
/* End PBXBuildFile section */

/* Begin PBXContainerItemProxy section */
		3BA7004F1B5A72C700FE4172 /* PBXContainerItemProxy */ = {
			isa = PBXContainerItemProxy;
			containerPortal = 3BA7002D1B5A72C700FE4172 /* Project object */;
			proxyType = 1;
			remoteGlobalIDString = 3BA700341B5A72C700FE4172;
			remoteInfo = "微博";
		};
/* End PBXContainerItemProxy section */

/* Begin PBXFileReference section */
		3B63A0D61B5B838A0024D3D6 /* BZNewFeatureController.h */ = {isa = PBXFileReference; fileEncoding = 4; lastKnownFileType = sourcecode.c.h; path = BZNewFeatureController.h; sourceTree = "<group>"; };
		3B63A0D71B5B838A0024D3D6 /* BZNewFeatureController.m */ = {isa = PBXFileReference; fileEncoding = 4; lastKnownFileType = sourcecode.c.objc; path = BZNewFeatureController.m; sourceTree = "<group>"; };
		3B63A0D91B5BF4440024D3D6 /* BZSearchBar.h */ = {isa = PBXFileReference; fileEncoding = 4; lastKnownFileType = sourcecode.c.h; path = BZSearchBar.h; sourceTree = "<group>"; };
		3B63A0DA1B5BF4440024D3D6 /* BZSearchBar.m */ = {isa = PBXFileReference; fileEncoding = 4; lastKnownFileType = sourcecode.c.objc; path = BZSearchBar.m; sourceTree = "<group>"; };
		3B63A0DC1B5BFF370024D3D6 /* BZTabBar.h */ = {isa = PBXFileReference; fileEncoding = 4; lastKnownFileType = sourcecode.c.h; path = BZTabBar.h; sourceTree = "<group>"; };
		3B63A0DD1B5BFF370024D3D6 /* BZTabBar.m */ = {isa = PBXFileReference; fileEncoding = 4; lastKnownFileType = sourcecode.c.objc; path = BZTabBar.m; sourceTree = "<group>"; };
		3B63A0DF1B5C0ABE0024D3D6 /* BZDropDownMenu.h */ = {isa = PBXFileReference; fileEncoding = 4; lastKnownFileType = sourcecode.c.h; path = BZDropDownMenu.h; sourceTree = "<group>"; };
		3B63A0E01B5C0ABE0024D3D6 /* BZDropDownMenu.m */ = {isa = PBXFileReference; fileEncoding = 4; lastKnownFileType = sourcecode.c.objc; path = BZDropDownMenu.m; sourceTree = "<group>"; };
		3B63A0E41B5C22E90024D3D6 /* BZOAuthController.h */ = {isa = PBXFileReference; fileEncoding = 4; lastKnownFileType = sourcecode.c.h; path = BZOAuthController.h; sourceTree = "<group>"; };
		3B63A0E51B5C22E90024D3D6 /* BZOAuthController.m */ = {isa = PBXFileReference; fileEncoding = 4; lastKnownFileType = sourcecode.c.objc; path = BZOAuthController.m; sourceTree = "<group>"; };
		3B63A0EA1B5C2C2D0024D3D6 /* AFHTTPRequestOperation.h */ = {isa = PBXFileReference; fileEncoding = 4; lastKnownFileType = sourcecode.c.h; path = AFHTTPRequestOperation.h; sourceTree = "<group>"; };
		3B63A0EB1B5C2C2D0024D3D6 /* AFHTTPRequestOperation.m */ = {isa = PBXFileReference; fileEncoding = 4; lastKnownFileType = sourcecode.c.objc; path = AFHTTPRequestOperation.m; sourceTree = "<group>"; };
		3B63A0EC1B5C2C2D0024D3D6 /* AFHTTPRequestOperationManager.h */ = {isa = PBXFileReference; fileEncoding = 4; lastKnownFileType = sourcecode.c.h; path = AFHTTPRequestOperationManager.h; sourceTree = "<group>"; };
		3B63A0ED1B5C2C2D0024D3D6 /* AFHTTPRequestOperationManager.m */ = {isa = PBXFileReference; fileEncoding = 4; lastKnownFileType = sourcecode.c.objc; path = AFHTTPRequestOperationManager.m; sourceTree = "<group>"; };
		3B63A0EE1B5C2C2D0024D3D6 /* AFHTTPSessionManager.h */ = {isa = PBXFileReference; fileEncoding = 4; lastKnownFileType = sourcecode.c.h; path = AFHTTPSessionManager.h; sourceTree = "<group>"; };
		3B63A0EF1B5C2C2D0024D3D6 /* AFHTTPSessionManager.m */ = {isa = PBXFileReference; fileEncoding = 4; lastKnownFileType = sourcecode.c.objc; path = AFHTTPSessionManager.m; sourceTree = "<group>"; };
		3B63A0F01B5C2C2D0024D3D6 /* AFNetworking.h */ = {isa = PBXFileReference; fileEncoding = 4; lastKnownFileType = sourcecode.c.h; path = AFNetworking.h; sourceTree = "<group>"; };
		3B63A0F11B5C2C2D0024D3D6 /* AFNetworkReachabilityManager.h */ = {isa = PBXFileReference; fileEncoding = 4; lastKnownFileType = sourcecode.c.h; path = AFNetworkReachabilityManager.h; sourceTree = "<group>"; };
		3B63A0F21B5C2C2D0024D3D6 /* AFNetworkReachabilityManager.m */ = {isa = PBXFileReference; fileEncoding = 4; lastKnownFileType = sourcecode.c.objc; path = AFNetworkReachabilityManager.m; sourceTree = "<group>"; };
		3B63A0F31B5C2C2D0024D3D6 /* AFSecurityPolicy.h */ = {isa = PBXFileReference; fileEncoding = 4; lastKnownFileType = sourcecode.c.h; path = AFSecurityPolicy.h; sourceTree = "<group>"; };
		3B63A0F41B5C2C2D0024D3D6 /* AFSecurityPolicy.m */ = {isa = PBXFileReference; fileEncoding = 4; lastKnownFileType = sourcecode.c.objc; path = AFSecurityPolicy.m; sourceTree = "<group>"; };
		3B63A0F51B5C2C2D0024D3D6 /* AFURLConnectionOperation.h */ = {isa = PBXFileReference; fileEncoding = 4; lastKnownFileType = sourcecode.c.h; path = AFURLConnectionOperation.h; sourceTree = "<group>"; };
		3B63A0F61B5C2C2D0024D3D6 /* AFURLConnectionOperation.m */ = {isa = PBXFileReference; fileEncoding = 4; lastKnownFileType = sourcecode.c.objc; path = AFURLConnectionOperation.m; sourceTree = "<group>"; };
		3B63A0F71B5C2C2D0024D3D6 /* AFURLRequestSerialization.h */ = {isa = PBXFileReference; fileEncoding = 4; lastKnownFileType = sourcecode.c.h; path = AFURLRequestSerialization.h; sourceTree = "<group>"; };
		3B63A0F81B5C2C2D0024D3D6 /* AFURLRequestSerialization.m */ = {isa = PBXFileReference; fileEncoding = 4; lastKnownFileType = sourcecode.c.objc; path = AFURLRequestSerialization.m; sourceTree = "<group>"; };
		3B63A0F91B5C2C2D0024D3D6 /* AFURLResponseSerialization.h */ = {isa = PBXFileReference; fileEncoding = 4; lastKnownFileType = sourcecode.c.h; path = AFURLResponseSerialization.h; sourceTree = "<group>"; };
		3B63A0FA1B5C2C2D0024D3D6 /* AFURLResponseSerialization.m */ = {isa = PBXFileReference; fileEncoding = 4; lastKnownFileType = sourcecode.c.objc; path = AFURLResponseSerialization.m; sourceTree = "<group>"; };
		3B63A0FB1B5C2C2D0024D3D6 /* AFURLSessionManager.h */ = {isa = PBXFileReference; fileEncoding = 4; lastKnownFileType = sourcecode.c.h; path = AFURLSessionManager.h; sourceTree = "<group>"; };
		3B63A0FC1B5C2C2D0024D3D6 /* AFURLSessionManager.m */ = {isa = PBXFileReference; fileEncoding = 4; lastKnownFileType = sourcecode.c.objc; path = AFURLSessionManager.m; sourceTree = "<group>"; };
		3BA700351B5A72C700FE4172 /* 微博.app */ = {isa = PBXFileReference; explicitFileType = wrapper.application; includeInIndex = 0; path = "微博.app"; sourceTree = BUILT_PRODUCTS_DIR; };
		3BA700391B5A72C700FE4172 /* Info.plist */ = {isa = PBXFileReference; lastKnownFileType = text.plist.xml; path = Info.plist; sourceTree = "<group>"; };
		3BA700451B5A72C700FE4172 /* Images.xcassets */ = {isa = PBXFileReference; lastKnownFileType = folder.assetcatalog; path = Images.xcassets; sourceTree = "<group>"; };
		3BA700481B5A72C700FE4172 /* Base */ = {isa = PBXFileReference; lastKnownFileType = file.xib; name = Base; path = Base.lproj/LaunchScreen.xib; sourceTree = "<group>"; };
		3BA7004E1B5A72C700FE4172 /* 微博Tests.xctest */ = {isa = PBXFileReference; explicitFileType = wrapper.cfbundle; includeInIndex = 0; path = "微博Tests.xctest"; sourceTree = BUILT_PRODUCTS_DIR; };
		3BA700531B5A72C700FE4172 /* Info.plist */ = {isa = PBXFileReference; lastKnownFileType = text.plist.xml; path = Info.plist; sourceTree = "<group>"; };
		3BA700541B5A72C700FE4172 /* __Tests.m */ = {isa = PBXFileReference; lastKnownFileType = sourcecode.c.objc; path = __Tests.m; sourceTree = "<group>"; };
		3BA700731B5A7F9D00FE4172 /* BZTestController.h */ = {isa = PBXFileReference; fileEncoding = 4; lastKnownFileType = sourcecode.c.h; path = BZTestController.h; sourceTree = "<group>"; };
		3BA700741B5A7F9D00FE4172 /* BZTestController.m */ = {isa = PBXFileReference; fileEncoding = 4; lastKnownFileType = sourcecode.c.objc; path = BZTestController.m; sourceTree = "<group>"; };
		3BA700791B5A857600FE4172 /* PrefixHeader.pch */ = {isa = PBXFileReference; lastKnownFileType = sourcecode.c.h; path = PrefixHeader.pch; sourceTree = "<group>"; };
		3BA7007D1B5A8C8E00FE4172 /* BZDiscoverController.h */ = {isa = PBXFileReference; fileEncoding = 4; lastKnownFileType = sourcecode.c.h; path = BZDiscoverController.h; sourceTree = "<group>"; };
		3BA7007E1B5A8C8E00FE4172 /* BZDiscoverController.m */ = {isa = PBXFileReference; fileEncoding = 4; lastKnownFileType = sourcecode.c.objc; path = BZDiscoverController.m; sourceTree = "<group>"; };
		3BA700841B5A8C8E00FE4172 /* BZHomeController.h */ = {isa = PBXFileReference; fileEncoding = 4; lastKnownFileType = sourcecode.c.h; path = BZHomeController.h; sourceTree = "<group>"; };
		3BA700851B5A8C8E00FE4172 /* BZHomeController.m */ = {isa = PBXFileReference; fileEncoding = 4; lastKnownFileType = sourcecode.c.objc; path = BZHomeController.m; sourceTree = "<group>"; };
		3BA7008B1B5A8C8E00FE4172 /* UIView+Extention.h */ = {isa = PBXFileReference; fileEncoding = 4; lastKnownFileType = sourcecode.c.h; path = "UIView+Extention.h"; sourceTree = "<group>"; };
		3BA7008C1B5A8C8E00FE4172 /* UIView+Extention.m */ = {isa = PBXFileReference; fileEncoding = 4; lastKnownFileType = sourcecode.c.objc; path = "UIView+Extention.m"; sourceTree = "<group>"; };
		3BA7008E1B5A8C8E00FE4172 /* BZNavigationController.h */ = {isa = PBXFileReference; fileEncoding = 4; lastKnownFileType = sourcecode.c.h; path = BZNavigationController.h; sourceTree = "<group>"; };
		3BA7008F1B5A8C8E00FE4172 /* BZNavigationController.m */ = {isa = PBXFileReference; fileEncoding = 4; lastKnownFileType = sourcecode.c.objc; path = BZNavigationController.m; sourceTree = "<group>"; };
		3BA700901B5A8C8E00FE4172 /* BZTabBarcontroller.h */ = {isa = PBXFileReference; fileEncoding = 4; lastKnownFileType = sourcecode.c.h; path = BZTabBarcontroller.h; sourceTree = "<group>"; };
		3BA700911B5A8C8E00FE4172 /* BZTabBarcontroller.m */ = {isa = PBXFileReference; fileEncoding = 4; lastKnownFileType = sourcecode.c.objc; path = BZTabBarcontroller.m; sourceTree = "<group>"; };
		3BA700951B5A8C8E00FE4172 /* AppDelegate.h */ = {isa = PBXFileReference; fileEncoding = 4; lastKnownFileType = sourcecode.c.h; path = AppDelegate.h; sourceTree = "<group>"; };
		3BA700961B5A8C8E00FE4172 /* AppDelegate.m */ = {isa = PBXFileReference; fileEncoding = 4; lastKnownFileType = sourcecode.c.objc; path = AppDelegate.m; sourceTree = "<group>"; };
		3BA700971B5A8C8E00FE4172 /* main.m */ = {isa = PBXFileReference; fileEncoding = 4; lastKnownFileType = sourcecode.c.objc; path = main.m; sourceTree = "<group>"; };
		3BA7009B1B5A8C8E00FE4172 /* BZMessageCenterController.h */ = {isa = PBXFileReference; fileEncoding = 4; lastKnownFileType = sourcecode.c.h; path = BZMessageCenterController.h; sourceTree = "<group>"; };
		3BA7009C1B5A8C8E00FE4172 /* BZMessageCenterController.m */ = {isa = PBXFileReference; fileEncoding = 4; lastKnownFileType = sourcecode.c.objc; path = BZMessageCenterController.m; sourceTree = "<group>"; };
		3BA700A21B5A8C8E00FE4172 /* BZProfileController.h */ = {isa = PBXFileReference; fileEncoding = 4; lastKnownFileType = sourcecode.c.h; path = BZProfileController.h; sourceTree = "<group>"; };
		3BA700A31B5A8C8E00FE4172 /* BZProfileController.m */ = {isa = PBXFileReference; fileEncoding = 4; lastKnownFileType = sourcecode.c.objc; path = BZProfileController.m; sourceTree = "<group>"; };
		3BA700B11B5A967500FE4172 /* UIBarButtonItem+Extention.h */ = {isa = PBXFileReference; fileEncoding = 4; lastKnownFileType = sourcecode.c.h; path = "UIBarButtonItem+Extention.h"; sourceTree = "<group>"; };
		3BA700B21B5A967500FE4172 /* UIBarButtonItem+Extention.m */ = {isa = PBXFileReference; fileEncoding = 4; lastKnownFileType = sourcecode.c.objc; path = "UIBarButtonItem+Extention.m"; sourceTree = "<group>"; };
		3BDCB0B51B5CDEDC001067F0 /* Foundation+Log.m */ = {isa = PBXFileReference; fileEncoding = 4; lastKnownFileType = sourcecode.c.objc; path = "Foundation+Log.m"; sourceTree = "<group>"; };
/* End PBXFileReference section */

/* Begin PBXFrameworksBuildPhase section */
		3BA700321B5A72C700FE4172 /* Frameworks */ = {
			isa = PBXFrameworksBuildPhase;
			buildActionMask = 2147483647;
			files = (
			);
			runOnlyForDeploymentPostprocessing = 0;
		};
		3BA7004B1B5A72C700FE4172 /* Frameworks */ = {
			isa = PBXFrameworksBuildPhase;
			buildActionMask = 2147483647;
			files = (
			);
			runOnlyForDeploymentPostprocessing = 0;
		};
/* End PBXFrameworksBuildPhase section */

/* Begin PBXGroup section */
		3B63A0D41B5B836B0024D3D6 /* NewFeature */ = {
			isa = PBXGroup;
			children = (
				3B63A0D51B5B836B0024D3D6 /* Controller */,
			);
			path = NewFeature;
			sourceTree = "<group>";
		};
		3B63A0D51B5B836B0024D3D6 /* Controller */ = {
			isa = PBXGroup;
			children = (
				3B63A0D61B5B838A0024D3D6 /* BZNewFeatureController.h */,
				3B63A0D71B5B838A0024D3D6 /* BZNewFeatureController.m */,
			);
			path = Controller;
			sourceTree = "<group>";
		};
		3B63A0E21B5C22C40024D3D6 /* OAuth */ = {
			isa = PBXGroup;
			children = (
				3B63A0E31B5C22C40024D3D6 /* Controller */,
			);
			path = OAuth;
			sourceTree = "<group>";
		};
		3B63A0E31B5C22C40024D3D6 /* Controller */ = {
			isa = PBXGroup;
			children = (
				3B63A0E41B5C22E90024D3D6 /* BZOAuthController.h */,
				3B63A0E51B5C22E90024D3D6 /* BZOAuthController.m */,
			);
			path = Controller;
			sourceTree = "<group>";
		};
		3B63A0E91B5C2C2D0024D3D6 /* AFNetworking */ = {
			isa = PBXGroup;
			children = (
				3B63A0EA1B5C2C2D0024D3D6 /* AFHTTPRequestOperation.h */,
				3B63A0EB1B5C2C2D0024D3D6 /* AFHTTPRequestOperation.m */,
				3B63A0EC1B5C2C2D0024D3D6 /* AFHTTPRequestOperationManager.h */,
				3B63A0ED1B5C2C2D0024D3D6 /* AFHTTPRequestOperationManager.m */,
				3B63A0EE1B5C2C2D0024D3D6 /* AFHTTPSessionManager.h */,
				3B63A0EF1B5C2C2D0024D3D6 /* AFHTTPSessionManager.m */,
				3B63A0F01B5C2C2D0024D3D6 /* AFNetworking.h */,
				3B63A0F11B5C2C2D0024D3D6 /* AFNetworkReachabilityManager.h */,
				3B63A0F21B5C2C2D0024D3D6 /* AFNetworkReachabilityManager.m */,
				3B63A0F31B5C2C2D0024D3D6 /* AFSecurityPolicy.h */,
				3B63A0F41B5C2C2D0024D3D6 /* AFSecurityPolicy.m */,
				3B63A0F51B5C2C2D0024D3D6 /* AFURLConnectionOperation.h */,
				3B63A0F61B5C2C2D0024D3D6 /* AFURLConnectionOperation.m */,
				3B63A0F71B5C2C2D0024D3D6 /* AFURLRequestSerialization.h */,
				3B63A0F81B5C2C2D0024D3D6 /* AFURLRequestSerialization.m */,
				3B63A0F91B5C2C2D0024D3D6 /* AFURLResponseSerialization.h */,
				3B63A0FA1B5C2C2D0024D3D6 /* AFURLResponseSerialization.m */,
				3B63A0FB1B5C2C2D0024D3D6 /* AFURLSessionManager.h */,
				3B63A0FC1B5C2C2D0024D3D6 /* AFURLSessionManager.m */,
			);
			path = AFNetworking;
			sourceTree = "<group>";
		};
		3BA7002C1B5A72C700FE4172 = {
			isa = PBXGroup;
			children = (
				3BA700371B5A72C700FE4172 /* 微博 */,
				3BA700511B5A72C700FE4172 /* 微博Tests */,
				3BA700361B5A72C700FE4172 /* Products */,
			);
			sourceTree = "<group>";
		};
		3BA700361B5A72C700FE4172 /* Products */ = {
			isa = PBXGroup;
			children = (
				3BA700351B5A72C700FE4172 /* 微博.app */,
				3BA7004E1B5A72C700FE4172 /* 微博Tests.xctest */,
			);
			name = Products;
			sourceTree = "<group>";
		};
		3BA700371B5A72C700FE4172 /* 微博 */ = {
			isa = PBXGroup;
			children = (
				3BA7007A1B5A8C8E00FE4172 /* Classes */,
				3BA700731B5A7F9D00FE4172 /* BZTestController.h */,
				3BA700741B5A7F9D00FE4172 /* BZTestController.m */,
				3BA700381B5A72C700FE4172 /* Supporting Files */,
			);
			path = "微博";
			sourceTree = "<group>";
		};
		3BA700381B5A72C700FE4172 /* Supporting Files */ = {
			isa = PBXGroup;
			children = (
				3BA700451B5A72C700FE4172 /* Images.xcassets */,
				3BA700471B5A72C700FE4172 /* LaunchScreen.xib */,
				3BA700391B5A72C700FE4172 /* Info.plist */,
				3BA700791B5A857600FE4172 /* PrefixHeader.pch */,
			);
			name = "Supporting Files";
			sourceTree = "<group>";
		};
		3BA700511B5A72C700FE4172 /* 微博Tests */ = {
			isa = PBXGroup;
			children = (
				3BA700541B5A72C700FE4172 /* __Tests.m */,
				3BA700521B5A72C700FE4172 /* Supporting Files */,
			);
			path = "微博Tests";
			sourceTree = "<group>";
		};
		3BA700521B5A72C700FE4172 /* Supporting Files */ = {
			isa = PBXGroup;
			children = (
				3BA700531B5A72C700FE4172 /* Info.plist */,
			);
			name = "Supporting Files";
			sourceTree = "<group>";
		};
		3BA7007A1B5A8C8E00FE4172 /* Classes */ = {
			isa = PBXGroup;
			children = (
				3B63A0E21B5C22C40024D3D6 /* OAuth */,
				3BA700891B5A8C8E00FE4172 /* Main */,
				3BA700821B5A8C8E00FE4172 /* Home */,
				3BA700991B5A8C8E00FE4172 /* MessageCenter */,
				3BA7007B1B5A8C8E00FE4172 /* Discover */,
				3BA700A01B5A8C8E00FE4172 /* Profile */,
				3B63A0D41B5B836B0024D3D6 /* NewFeature */,
			);
			path = Classes;
			sourceTree = "<group>";
		};
		3BA7007B1B5A8C8E00FE4172 /* Discover */ = {
			isa = PBXGroup;
			children = (
				3BA7007C1B5A8C8E00FE4172 /* Controller */,
				3BA7007F1B5A8C8E00FE4172 /* Model */,
				3BA700801B5A8C8E00FE4172 /* Other */,
				3BA700811B5A8C8E00FE4172 /* View */,
			);
			path = Discover;
			sourceTree = "<group>";
		};
		3BA7007C1B5A8C8E00FE4172 /* Controller */ = {
			isa = PBXGroup;
			children = (
				3BA7007D1B5A8C8E00FE4172 /* BZDiscoverController.h */,
				3BA7007E1B5A8C8E00FE4172 /* BZDiscoverController.m */,
			);
			path = Controller;
			sourceTree = "<group>";
		};
		3BA7007F1B5A8C8E00FE4172 /* Model */ = {
			isa = PBXGroup;
			children = (
			);
			path = Model;
			sourceTree = "<group>";
		};
		3BA700801B5A8C8E00FE4172 /* Other */ = {
			isa = PBXGroup;
			children = (
			);
			path = Other;
			sourceTree = "<group>";
		};
		3BA700811B5A8C8E00FE4172 /* View */ = {
			isa = PBXGroup;
			children = (
			);
			path = View;
			sourceTree = "<group>";
		};
		3BA700821B5A8C8E00FE4172 /* Home */ = {
			isa = PBXGroup;
			children = (
				3BA700831B5A8C8E00FE4172 /* Controller */,
				3BA700861B5A8C8E00FE4172 /* Model */,
				3BA700871B5A8C8E00FE4172 /* Other */,
				3BA700881B5A8C8E00FE4172 /* View */,
			);
			path = Home;
			sourceTree = "<group>";
		};
		3BA700831B5A8C8E00FE4172 /* Controller */ = {
			isa = PBXGroup;
			children = (
				3BA700841B5A8C8E00FE4172 /* BZHomeController.h */,
				3BA700851B5A8C8E00FE4172 /* BZHomeController.m */,
			);
			path = Controller;
			sourceTree = "<group>";
		};
		3BA700861B5A8C8E00FE4172 /* Model */ = {
			isa = PBXGroup;
			children = (
			);
			path = Model;
			sourceTree = "<group>";
		};
		3BA700871B5A8C8E00FE4172 /* Other */ = {
			isa = PBXGroup;
			children = (
			);
			path = Other;
			sourceTree = "<group>";
		};
		3BA700881B5A8C8E00FE4172 /* View */ = {
			isa = PBXGroup;
			children = (
			);
			path = View;
			sourceTree = "<group>";
		};
		3BA700891B5A8C8E00FE4172 /* Main */ = {
			isa = PBXGroup;
			children = (
				3BA7008A1B5A8C8E00FE4172 /* Category */,
				3BA7008D1B5A8C8E00FE4172 /* Controller */,
				3BA700921B5A8C8E00FE4172 /* Lib */,
				3BA700931B5A8C8E00FE4172 /* Model */,
				3BA700941B5A8C8E00FE4172 /* Other */,
				3BA700981B5A8C8E00FE4172 /* View */,
			);
			path = Main;
			sourceTree = "<group>";
		};
		3BA7008A1B5A8C8E00FE4172 /* Category */ = {
			isa = PBXGroup;
			children = (
				3BDCB0B51B5CDEDC001067F0 /* Foundation+Log.m */,
				3BA7008B1B5A8C8E00FE4172 /* UIView+Extention.h */,
				3BA7008C1B5A8C8E00FE4172 /* UIView+Extention.m */,
				3BA700B11B5A967500FE4172 /* UIBarButtonItem+Extention.h */,
				3BA700B21B5A967500FE4172 /* UIBarButtonItem+Extention.m */,
			);
			path = Category;
			sourceTree = "<group>";
		};
		3BA7008D1B5A8C8E00FE4172 /* Controller */ = {
			isa = PBXGroup;
			children = (
				3BA7008E1B5A8C8E00FE4172 /* BZNavigationController.h */,
				3BA7008F1B5A8C8E00FE4172 /* BZNavigationController.m */,
				3BA700901B5A8C8E00FE4172 /* BZTabBarcontroller.h */,
				3BA700911B5A8C8E00FE4172 /* BZTabBarcontroller.m */,
			);
			path = Controller;
			sourceTree = "<group>";
		};
		3BA700921B5A8C8E00FE4172 /* Lib */ = {
			isa = PBXGroup;
			children = (
				3B63A0E91B5C2C2D0024D3D6 /* AFNetworking */,
			);
			path = Lib;
			sourceTree = "<group>";
		};
		3BA700931B5A8C8E00FE4172 /* Model */ = {
			isa = PBXGroup;
			children = (
			);
			path = Model;
			sourceTree = "<group>";
		};
		3BA700941B5A8C8E00FE4172 /* Other */ = {
			isa = PBXGroup;
			children = (
				3BA700971B5A8C8E00FE4172 /* main.m */,
				3BA700951B5A8C8E00FE4172 /* AppDelegate.h */,
				3BA700961B5A8C8E00FE4172 /* AppDelegate.m */,
			);
			path = Other;
			sourceTree = "<group>";
		};
		3BA700981B5A8C8E00FE4172 /* View */ = {
			isa = PBXGroup;
			children = (
				3B63A0D91B5BF4440024D3D6 /* BZSearchBar.h */,
				3B63A0DA1B5BF4440024D3D6 /* BZSearchBar.m */,
				3B63A0DC1B5BFF370024D3D6 /* BZTabBar.h */,
				3B63A0DD1B5BFF370024D3D6 /* BZTabBar.m */,
				3B63A0DF1B5C0ABE0024D3D6 /* BZDropDownMenu.h */,
				3B63A0E01B5C0ABE0024D3D6 /* BZDropDownMenu.m */,
			);
			path = View;
			sourceTree = "<group>";
		};
		3BA700991B5A8C8E00FE4172 /* MessageCenter */ = {
			isa = PBXGroup;
			children = (
				3BA7009A1B5A8C8E00FE4172 /* Controller */,
				3BA7009D1B5A8C8E00FE4172 /* Model */,
				3BA7009E1B5A8C8E00FE4172 /* Other */,
				3BA7009F1B5A8C8E00FE4172 /* View */,
			);
			path = MessageCenter;
			sourceTree = "<group>";
		};
		3BA7009A1B5A8C8E00FE4172 /* Controller */ = {
			isa = PBXGroup;
			children = (
				3BA7009B1B5A8C8E00FE4172 /* BZMessageCenterController.h */,
				3BA7009C1B5A8C8E00FE4172 /* BZMessageCenterController.m */,
			);
			path = Controller;
			sourceTree = "<group>";
		};
		3BA7009D1B5A8C8E00FE4172 /* Model */ = {
			isa = PBXGroup;
			children = (
			);
			path = Model;
			sourceTree = "<group>";
		};
		3BA7009E1B5A8C8E00FE4172 /* Other */ = {
			isa = PBXGroup;
			children = (
			);
			path = Other;
			sourceTree = "<group>";
		};
		3BA7009F1B5A8C8E00FE4172 /* View */ = {
			isa = PBXGroup;
			children = (
			);
			path = View;
			sourceTree = "<group>";
		};
		3BA700A01B5A8C8E00FE4172 /* Profile */ = {
			isa = PBXGroup;
			children = (
				3BA700A11B5A8C8E00FE4172 /* Controller */,
				3BA700A41B5A8C8E00FE4172 /* Model */,
				3BA700A51B5A8C8E00FE4172 /* Other */,
				3BA700A61B5A8C8E00FE4172 /* View */,
			);
			path = Profile;
			sourceTree = "<group>";
		};
		3BA700A11B5A8C8E00FE4172 /* Controller */ = {
			isa = PBXGroup;
			children = (
				3BA700A21B5A8C8E00FE4172 /* BZProfileController.h */,
				3BA700A31B5A8C8E00FE4172 /* BZProfileController.m */,
			);
			path = Controller;
			sourceTree = "<group>";
		};
		3BA700A41B5A8C8E00FE4172 /* Model */ = {
			isa = PBXGroup;
			children = (
			);
			path = Model;
			sourceTree = "<group>";
		};
		3BA700A51B5A8C8E00FE4172 /* Other */ = {
			isa = PBXGroup;
			children = (
			);
			path = Other;
			sourceTree = "<group>";
		};
		3BA700A61B5A8C8E00FE4172 /* View */ = {
			isa = PBXGroup;
			children = (
			);
			path = View;
			sourceTree = "<group>";
		};
/* End PBXGroup section */

/* Begin PBXNativeTarget section */
		3BA700341B5A72C700FE4172 /* 微博 */ = {
			isa = PBXNativeTarget;
			buildConfigurationList = 3BA700581B5A72C700FE4172 /* Build configuration list for PBXNativeTarget "微博" */;
			buildPhases = (
				3BA700311B5A72C700FE4172 /* Sources */,
				3BA700321B5A72C700FE4172 /* Frameworks */,
				3BA700331B5A72C700FE4172 /* Resources */,
			);
			buildRules = (
			);
			dependencies = (
			);
			name = "微博";
			productName = "微博";
			productReference = 3BA700351B5A72C700FE4172 /* 微博.app */;
			productType = "com.apple.product-type.application";
		};
		3BA7004D1B5A72C700FE4172 /* 微博Tests */ = {
			isa = PBXNativeTarget;
			buildConfigurationList = 3BA7005B1B5A72C700FE4172 /* Build configuration list for PBXNativeTarget "微博Tests" */;
			buildPhases = (
				3BA7004A1B5A72C700FE4172 /* Sources */,
				3BA7004B1B5A72C700FE4172 /* Frameworks */,
				3BA7004C1B5A72C700FE4172 /* Resources */,
			);
			buildRules = (
			);
			dependencies = (
				3BA700501B5A72C700FE4172 /* PBXTargetDependency */,
			);
			name = "微博Tests";
			productName = "微博Tests";
			productReference = 3BA7004E1B5A72C700FE4172 /* 微博Tests.xctest */;
			productType = "com.apple.product-type.bundle.unit-test";
		};
/* End PBXNativeTarget section */

/* Begin PBXProject section */
		3BA7002D1B5A72C700FE4172 /* Project object */ = {
			isa = PBXProject;
			attributes = {
				LastUpgradeCheck = 0630;
				ORGANIZATIONNAME = BZ;
				TargetAttributes = {
					3BA700341B5A72C700FE4172 = {
						CreatedOnToolsVersion = 6.3.1;
					};
					3BA7004D1B5A72C700FE4172 = {
						CreatedOnToolsVersion = 6.3.1;
						TestTargetID = 3BA700341B5A72C700FE4172;
					};
				};
			};
			buildConfigurationList = 3BA700301B5A72C700FE4172 /* Build configuration list for PBXProject "微博" */;
			compatibilityVersion = "Xcode 3.2";
			developmentRegion = English;
			hasScannedForEncodings = 0;
			knownRegions = (
				en,
				Base,
			);
			mainGroup = 3BA7002C1B5A72C700FE4172;
			productRefGroup = 3BA700361B5A72C700FE4172 /* Products */;
			projectDirPath = "";
			projectRoot = "";
			targets = (
				3BA700341B5A72C700FE4172 /* 微博 */,
				3BA7004D1B5A72C700FE4172 /* 微博Tests */,
			);
		};
/* End PBXProject section */

/* Begin PBXResourcesBuildPhase section */
		3BA700331B5A72C700FE4172 /* Resources */ = {
			isa = PBXResourcesBuildPhase;
			buildActionMask = 2147483647;
			files = (
				3BA700491B5A72C700FE4172 /* LaunchScreen.xib in Resources */,
				3BA700461B5A72C700FE4172 /* Images.xcassets in Resources */,
			);
			runOnlyForDeploymentPostprocessing = 0;
		};
		3BA7004C1B5A72C700FE4172 /* Resources */ = {
			isa = PBXResourcesBuildPhase;
			buildActionMask = 2147483647;
			files = (
			);
			runOnlyForDeploymentPostprocessing = 0;
		};
/* End PBXResourcesBuildPhase section */

/* Begin PBXSourcesBuildPhase section */
		3BA700311B5A72C700FE4172 /* Sources */ = {
			isa = PBXSourcesBuildPhase;
			buildActionMask = 2147483647;
			files = (
				3B63A0FD1B5C2C2D0024D3D6 /* AFHTTPRequestOperation.m in Sources */,
				3BA700AD1B5A8C8E00FE4172 /* main.m in Sources */,
				3BA700AE1B5A8C8E00FE4172 /* BZMessageCenterController.m in Sources */,
				3BA700A91B5A8C8E00FE4172 /* UIView+Extention.m in Sources */,
				3BA700751B5A7F9D00FE4172 /* BZTestController.m in Sources */,
				3BA700AB1B5A8C8E00FE4172 /* BZTabBarcontroller.m in Sources */,
				3B63A0DE1B5BFF370024D3D6 /* BZTabBar.m in Sources */,
				3B63A0FF1B5C2C2D0024D3D6 /* AFHTTPSessionManager.m in Sources */,
				3B63A0E11B5C0ABE0024D3D6 /* BZDropDownMenu.m in Sources */,
				3B63A1001B5C2C2D0024D3D6 /* AFNetworkReachabilityManager.m in Sources */,
				3B63A1051B5C2C2D0024D3D6 /* AFURLSessionManager.m in Sources */,
				3BA700AC1B5A8C8E00FE4172 /* AppDelegate.m in Sources */,
				3BA700AA1B5A8C8E00FE4172 /* BZNavigationController.m in Sources */,
				3B63A1021B5C2C2D0024D3D6 /* AFURLConnectionOperation.m in Sources */,
				3B63A1041B5C2C2D0024D3D6 /* AFURLResponseSerialization.m in Sources */,
				3BA700B31B5A967500FE4172 /* UIBarButtonItem+Extention.m in Sources */,
				3B63A1031B5C2C2D0024D3D6 /* AFURLRequestSerialization.m in Sources */,
				3BA700A81B5A8C8E00FE4172 /* BZHomeController.m in Sources */,
				3B63A0D81B5B838A0024D3D6 /* BZNewFeatureController.m in Sources */,
				3BA700AF1B5A8C8E00FE4172 /* BZProfileController.m in Sources */,
				3BA700A71B5A8C8E00FE4172 /* BZDiscoverController.m in Sources */,
				3B63A0DB1B5BF4440024D3D6 /* BZSearchBar.m in Sources */,
				3B63A0FE1B5C2C2D0024D3D6 /* AFHTTPRequestOperationManager.m in Sources */,
				3BDCB0B61B5CDEDC001067F0 /* Foundation+Log.m in Sources */,
				3B63A1011B5C2C2D0024D3D6 /* AFSecurityPolicy.m in Sources */,
				3B63A0E61B5C22E90024D3D6 /* BZOAuthController.m in Sources */,
			);
			runOnlyForDeploymentPostprocessing = 0;
		};
		3BA7004A1B5A72C700FE4172 /* Sources */ = {
			isa = PBXSourcesBuildPhase;
			buildActionMask = 2147483647;
			files = (
				3BA700551B5A72C700FE4172 /* __Tests.m in Sources */,
			);
			runOnlyForDeploymentPostprocessing = 0;
		};
/* End PBXSourcesBuildPhase section */

/* Begin PBXTargetDependency section */
		3BA700501B5A72C700FE4172 /* PBXTargetDependency */ = {
			isa = PBXTargetDependency;
			target = 3BA700341B5A72C700FE4172 /* 微博 */;
			targetProxy = 3BA7004F1B5A72C700FE4172 /* PBXContainerItemProxy */;
		};
/* End PBXTargetDependency section */

/* Begin PBXVariantGroup section */
		3BA700471B5A72C700FE4172 /* LaunchScreen.xib */ = {
			isa = PBXVariantGroup;
			children = (
				3BA700481B5A72C700FE4172 /* Base */,
			);
			name = LaunchScreen.xib;
			sourceTree = "<group>";
		};
/* End PBXVariantGroup section */

/* Begin XCBuildConfiguration section */
		3BA700561B5A72C700FE4172 /* Debug */ = {
			isa = XCBuildConfiguration;
			buildSettings = {
				ALWAYS_SEARCH_USER_PATHS = YES;
				CLANG_CXX_LANGUAGE_STANDARD = "gnu++0x";
				CLANG_CXX_LIBRARY = "libc++";
				CLANG_ENABLE_MODULES = YES;
				CLANG_ENABLE_OBJC_ARC = YES;
				CLANG_WARN_BOOL_CONVERSION = YES;
				CLANG_WARN_CONSTANT_CONVERSION = YES;
				CLANG_WARN_DIRECT_OBJC_ISA_USAGE = YES_ERROR;
				CLANG_WARN_EMPTY_BODY = YES;
				CLANG_WARN_ENUM_CONVERSION = YES;
				CLANG_WARN_INT_CONVERSION = YES;
				CLANG_WARN_OBJC_ROOT_CLASS = YES_ERROR;
				CLANG_WARN_UNREACHABLE_CODE = YES;
				CLANG_WARN__DUPLICATE_METHOD_MATCH = YES;
				"CODE_SIGN_IDENTITY[sdk=iphoneos*]" = "iPhone Developer";
				COPY_PHASE_STRIP = NO;
				DEBUG_INFORMATION_FORMAT = "dwarf-with-dsym";
				ENABLE_STRICT_OBJC_MSGSEND = YES;
				GCC_C_LANGUAGE_STANDARD = gnu99;
				GCC_DYNAMIC_NO_PIC = NO;
				GCC_NO_COMMON_BLOCKS = YES;
				GCC_OPTIMIZATION_LEVEL = 0;
				GCC_PREPROCESSOR_DEFINITIONS = (
					"DEBUG=1",
					"$(inherited)",
				);
				GCC_SYMBOLS_PRIVATE_EXTERN = NO;
				GCC_WARN_64_TO_32_BIT_CONVERSION = YES;
				GCC_WARN_ABOUT_RETURN_TYPE = YES_ERROR;
				GCC_WARN_UNDECLARED_SELECTOR = YES;
				GCC_WARN_UNINITIALIZED_AUTOS = YES_AGGRESSIVE;
				GCC_WARN_UNUSED_FUNCTION = YES;
				GCC_WARN_UNUSED_VARIABLE = YES;
				IPHONEOS_DEPLOYMENT_TARGET = 8.3;
				MTL_ENABLE_DEBUG_INFO = YES;
				ONLY_ACTIVE_ARCH = YES;
				SDKROOT = iphoneos;
			};
			name = Debug;
		};
		3BA700571B5A72C700FE4172 /* Release */ = {
			isa = XCBuildConfiguration;
			buildSettings = {
				ALWAYS_SEARCH_USER_PATHS = YES;
				CLANG_CXX_LANGUAGE_STANDARD = "gnu++0x";
				CLANG_CXX_LIBRARY = "libc++";
				CLANG_ENABLE_MODULES = YES;
				CLANG_ENABLE_OBJC_ARC = YES;
				CLANG_WARN_BOOL_CONVERSION = YES;
				CLANG_WARN_CONSTANT_CONVERSION = YES;
				CLANG_WARN_DIRECT_OBJC_ISA_USAGE = YES_ERROR;
				CLANG_WARN_EMPTY_BODY = YES;
				CLANG_WARN_ENUM_CONVERSION = YES;
				CLANG_WARN_INT_CONVERSION = YES;
				CLANG_WARN_OBJC_ROOT_CLASS = YES_ERROR;
				CLANG_WARN_UNREACHABLE_CODE = YES;
				CLANG_WARN__DUPLICATE_METHOD_MATCH = YES;
				"CODE_SIGN_IDENTITY[sdk=iphoneos*]" = "iPhone Developer";
				COPY_PHASE_STRIP = NO;
				DEBUG_INFORMATION_FORMAT = "dwarf-with-dsym";
				ENABLE_NS_ASSERTIONS = NO;
				ENABLE_STRICT_OBJC_MSGSEND = YES;
				GCC_C_LANGUAGE_STANDARD = gnu99;
				GCC_NO_COMMON_BLOCKS = YES;
				GCC_WARN_64_TO_32_BIT_CONVERSION = YES;
				GCC_WARN_ABOUT_RETURN_TYPE = YES_ERROR;
				GCC_WARN_UNDECLARED_SELECTOR = YES;
				GCC_WARN_UNINITIALIZED_AUTOS = YES_AGGRESSIVE;
				GCC_WARN_UNUSED_FUNCTION = YES;
				GCC_WARN_UNUSED_VARIABLE = YES;
				IPHONEOS_DEPLOYMENT_TARGET = 8.3;
				MTL_ENABLE_DEBUG_INFO = NO;
				SDKROOT = iphoneos;
				VALIDATE_PRODUCT = YES;
			};
			name = Release;
		};
		3BA700591B5A72C700FE4172 /* Debug */ = {
			isa = XCBuildConfiguration;
			buildSettings = {
				ASSETCATALOG_COMPILER_APPICON_NAME = AppIcon;
				ASSETCATALOG_COMPILER_LAUNCHIMAGE_NAME = LaunchImage;
				GCC_PRECOMPILE_PREFIX_HEADER = NO;
				GCC_PREFIX_HEADER = "$(SRCROOT)/微博/PrefixHeader.pch";
				INFOPLIST_FILE = "微博/Info.plist";
				IPHONEOS_DEPLOYMENT_TARGET = 7.0;
				LD_RUNPATH_SEARCH_PATHS = "$(inherited) @executable_path/Frameworks";
				PRODUCT_NAME = "$(TARGET_NAME)";
			};
			name = Debug;
		};
		3BA7005A1B5A72C700FE4172 /* Release */ = {
			isa = XCBuildConfiguration;
			buildSettings = {
				ASSETCATALOG_COMPILER_APPICON_NAME = AppIcon;
				ASSETCATALOG_COMPILER_LAUNCHIMAGE_NAME = LaunchImage;
				GCC_PRECOMPILE_PREFIX_HEADER = NO;
				GCC_PREFIX_HEADER = "$(SRCROOT)/微博/PrefixHeader.pch";
				INFOPLIST_FILE = "微博/Info.plist";
				IPHONEOS_DEPLOYMENT_TARGET = 7.0;
				LD_RUNPATH_SEARCH_PATHS = "$(inherited) @executable_path/Frameworks";
				PRODUCT_NAME = "$(TARGET_NAME)";
			};
			name = Release;
		};
		3BA7005C1B5A72C700FE4172 /* Debug */ = {
			isa = XCBuildConfiguration;
			buildSettings = {
				BUNDLE_LOADER = "$(TEST_HOST)";
				FRAMEWORK_SEARCH_PATHS = (
					"$(SDKROOT)/Developer/Library/Frameworks",
					"$(inherited)",
				);
				GCC_PREPROCESSOR_DEFINITIONS = (
					"DEBUG=1",
					"$(inherited)",
				);
				INFOPLIST_FILE = "微博Tests/Info.plist";
				LD_RUNPATH_SEARCH_PATHS = "$(inherited) @executable_path/Frameworks @loader_path/Frameworks";
				PRODUCT_NAME = "$(TARGET_NAME)";
				TEST_HOST = "$(BUILT_PRODUCTS_DIR)/微博.app/微博";
			};
			name = Debug;
		};
		3BA7005D1B5A72C700FE4172 /* Release */ = {
			isa = XCBuildConfiguration;
			buildSettings = {
				BUNDLE_LOADER = "$(TEST_HOST)";
				FRAMEWORK_SEARCH_PATHS = (
					"$(SDKROOT)/Developer/Library/Frameworks",
					"$(inherited)",
				);
				INFOPLIST_FILE = "微博Tests/Info.plist";
				LD_RUNPATH_SEARCH_PATHS = "$(inherited) @executable_path/Frameworks @loader_path/Frameworks";
				PRODUCT_NAME = "$(TARGET_NAME)";
				TEST_HOST = "$(BUILT_PRODUCTS_DIR)/微博.app/微博";
			};
			name = Release;
		};
/* End XCBuildConfiguration section */

/* Begin XCConfigurationList section */
		3BA700301B5A72C700FE4172 /* Build configuration list for PBXProject "微博" */ = {
			isa = XCConfigurationList;
			buildConfigurations = (
				3BA700561B5A72C700FE4172 /* Debug */,
				3BA700571B5A72C700FE4172 /* Release */,
			);
			defaultConfigurationIsVisible = 0;
			defaultConfigurationName = Release;
		};
		3BA700581B5A72C700FE4172 /* Build configuration list for PBXNativeTarget "微博" */ = {
			isa = XCConfigurationList;
			buildConfigurations = (
				3BA700591B5A72C700FE4172 /* Debug */,
				3BA7005A1B5A72C700FE4172 /* Release */,
			);
			defaultConfigurationIsVisible = 0;
			defaultConfigurationName = Release;
		};
		3BA7005B1B5A72C700FE4172 /* Build configuration list for PBXNativeTarget "微博Tests" */ = {
			isa = XCConfigurationList;
			buildConfigurations = (
				3BA7005C1B5A72C700FE4172 /* Debug */,
				3BA7005D1B5A72C700FE4172 /* Release */,
			);
			defaultConfigurationIsVisible = 0;
			defaultConfigurationName = Release;
		};
/* End XCConfigurationList section */
	};
	rootObject = 3BA7002D1B5A72C700FE4172 /* Project object */;
}
